
Microsoft Visual Studio Solution File, Format Version 12.00
# Visual Studio Version 16
VisualStudioVersion = 16.0.29728.190
MinimumVisualStudioVersion = 10.0.40219.1
Project("{FAE04EC0-301F-11D3-BF4B-00C04F79EFBC}") = "EllucianAPI-Banner-Kern", "EllucianAPI-Banner-Kern.csproj", "{630BC43B-406A-4358-A081-A74490E988CB}"
EndProject
Global
	GlobalSection(SolutionConfigurationPlatforms) = preSolution
		Debug|Any CPU = Debug|Any CPU
		Release|Any CPU = Release|Any CPU
	EndGlobalSection
	GlobalSection(ProjectConfigurationPlatforms) = postSolution
		{630BC43B-406A-4358-A081-A74490E988CB}.Debug|Any CPU.ActiveCfg = Debug|Any CPU
		{630BC43B-406A-4358-A081-A74490E988CB}.Debug|Any CPU.Build.0 = Debug|Any CPU
		{630BC43B-406A-4358-A081-A74490E988CB}.Release|Any CPU.ActiveCfg = Release|Any CPU
		{630BC43B-406A-4358-A081-A74490E988CB}.Release|Any CPU.Build.0 = Release|Any CPU
	EndGlobalSection
	GlobalSection(SolutionProperties) = preSolution
		HideSolutionNode = FALSE
	EndGlobalSection
	GlobalSection(ExtensibilityGlobals) = postSolution
		SolutionGuid = {6BFB15CC-A828-48C9-9936-D65A9A8D1BEC}
	EndGlobalSection
EndGlobal
